{
    "_readme": [
        "This file locks the dependencies of your project to a known state",
        "Read more about it at https://getcomposer.org/doc/01-basic-usage.md#composer-lock-the-lock-file",
        "This file is @generated automatically"
    ],
    "content-hash": "4a3cddb98510b2ea4260b583baf668a0",
    "packages": [
        {
            "name": "guzzlehttp/psr7",
            "version": "dev-master",
            "source": {
                "type": "git",
                "url": "https://github.com/guzzle/psr7.git",
                "reference": "d2537c86fa8b004c29e9b9f5e10028f0a29df101"
            },
            "dist": {
                "type": "zip",
                "url": "https://api.github.com/repos/guzzle/psr7/zipball/d2537c86fa8b004c29e9b9f5e10028f0a29df101",
                "reference": "d2537c86fa8b004c29e9b9f5e10028f0a29df101",
                "shasum": ""
            },
            "require": {
                "php": ">=5.4.0",
                "psr/http-message": "~1.0"
            },
            "provide": {
                "psr/http-message-implementation": "1.0"
            },
            "require-dev": {
                "phpunit/phpunit": "~4.0"
            },
            "type": "library",
            "extra": {
                "branch-alias": {
                    "dev-master": "1.4-dev"
                }
            },
            "autoload": {
                "psr-4": {
                    "GuzzleHttp\\Psr7\\": "src/"
                },
                "files": [
                    "src/functions_include.php"
                ]
            },
            "notification-url": "https://packagist.org/downloads/",
            "license": [
                "MIT"
            ],
            "authors": [
                {
                    "name": "Michael Dowling",
                    "email": "mtdowling@gmail.com",
                    "homepage": "https://github.com/mtdowling"
                },
                {
                    "name": "Tobias Schultze",
                    "homepage": "https://github.com/Tobion"
                }
            ],
            "description": "PSR-7 message implementation that also provides common utility methods",
            "keywords": [
                "http",
                "message",
                "request",
                "response",
                "stream",
                "uri",
                "url"
            ],
            "time": "2017-10-07T03:19:56+00:00"
        },
        {
            "name": "psr/container",
            "version": "dev-master",
            "source": {
                "type": "git",
                "url": "https://github.com/php-fig/container.git",
                "reference": "2cc4a01788191489dc7459446ba832fa79a216a7"
            },
            "dist": {
                "type": "zip",
                "url": "https://api.github.com/repos/php-fig/container/zipball/2cc4a01788191489dc7459446ba832fa79a216a7",
                "reference": "2cc4a01788191489dc7459446ba832fa79a216a7",
                "shasum": ""
            },
            "require": {
                "php": ">=5.3.0"
            },
            "type": "library",
            "extra": {
                "branch-alias": {
                    "dev-master": "1.0.x-dev"
                }
            },
            "autoload": {
                "psr-4": {
                    "Psr\\Container\\": "src/"
                }
            },
            "notification-url": "https://packagist.org/downloads/",
            "license": [
                "MIT"
            ],
            "authors": [
                {
                    "name": "PHP-FIG",
                    "homepage": "http://www.php-fig.org/"
                }
            ],
            "description": "Common Container Interface (PHP FIG PSR-11)",
            "homepage": "https://github.com/php-fig/container",
            "keywords": [
                "PSR-11",
                "container",
                "container-interface",
                "container-interop",
                "psr"
            ],
            "time": "2017-06-28T15:35:32+00:00"
        },
        {
            "name": "psr/http-message",
            "version": "dev-master",
            "source": {
                "type": "git",
                "url": "https://github.com/php-fig/http-message.git",
                "reference": "f6561bf28d520154e4b0ec72be95418abe6d9363"
            },
            "dist": {
                "type": "zip",
                "url": "https://api.github.com/repos/php-fig/http-message/zipball/f6561bf28d520154e4b0ec72be95418abe6d9363",
                "reference": "f6561bf28d520154e4b0ec72be95418abe6d9363",
                "shasum": ""
            },
            "require": {
                "php": ">=5.3.0"
            },
            "type": "library",
            "extra": {
                "branch-alias": {
                    "dev-master": "1.0.x-dev"
                }
            },
            "autoload": {
                "psr-4": {
                    "Psr\\Http\\Message\\": "src/"
                }
            },
            "notification-url": "https://packagist.org/downloads/",
            "license": [
                "MIT"
            ],
            "authors": [
                {
                    "name": "PHP-FIG",
                    "homepage": "http://www.php-fig.org/"
                }
            ],
            "description": "Common interface for HTTP messages",
            "homepage": "https://github.com/php-fig/http-message",
            "keywords": [
                "http",
                "http-message",
                "psr",
                "psr-7",
                "request",
                "response"
            ],
            "time": "2016-08-06T14:39:51+00:00"
        },
        {
            "name": "symfony/dependency-injection",
            "version": "dev-master",
            "source": {
                "type": "git",
                "url": "https://github.com/symfony/dependency-injection.git",
                "reference": "135dcaa8735647db5f6a544b6aa131b8df886169"
            },
            "dist": {
                "type": "zip",
                "url": "https://api.github.com/repos/symfony/dependency-injection/zipball/135dcaa8735647db5f6a544b6aa131b8df886169",
                "reference": "135dcaa8735647db5f6a544b6aa131b8df886169",
                "shasum": ""
            },
            "require": {
                "php": "^7.1.3",
                "psr/container": "^1.0"
            },
            "conflict": {
                "symfony/config": "<3.4",
                "symfony/finder": "<3.4",
                "symfony/proxy-manager-bridge": "<3.4",
                "symfony/yaml": "<3.4"
            },
            "provide": {
                "psr/container-implementation": "1.0"
            },
            "require-dev": {
                "symfony/config": "~3.4|~4.0",
                "symfony/expression-language": "~3.4|~4.0",
                "symfony/yaml": "~3.4|~4.0"
            },
            "suggest": {
                "symfony/config": "",
                "symfony/expression-language": "For using expressions in service container configuration",
                "symfony/finder": "For using double-star glob patterns or when GLOB_BRACE portability is required",
                "symfony/proxy-manager-bridge": "Generate service proxies to lazy load them",
                "symfony/yaml": ""
            },
            "type": "library",
            "extra": {
                "branch-alias": {
                    "dev-master": "4.1-dev"
                }
            },
            "autoload": {
                "psr-4": {
                    "Symfony\\Component\\DependencyInjection\\": ""
                },
                "exclude-from-classmap": [
                    "/Tests/"
                ]
            },
            "notification-url": "https://packagist.org/downloads/",
            "license": [
                "MIT"
            ],
            "authors": [
                {
                    "name": "Fabien Potencier",
                    "email": "fabien@symfony.com"
                },
                {
                    "name": "Symfony Community",
                    "homepage": "https://symfony.com/contributors"
                }
            ],
            "description": "Symfony DependencyInjection Component",
            "homepage": "https://symfony.com",
            "time": "2018-02-22T11:40:25+00:00"
        },
        {
            "name": "symfony/http-foundation",
            "version": "dev-master",
            "source": {
                "type": "git",
                "url": "https://github.com/symfony/http-foundation.git",
                "reference": "0314a5011b06c4a4aaa50dae1c71c3470c1a63eb"
            },
            "dist": {
                "type": "zip",
                "url": "https://api.github.com/repos/symfony/http-foundation/zipball/0314a5011b06c4a4aaa50dae1c71c3470c1a63eb",
                "reference": "0314a5011b06c4a4aaa50dae1c71c3470c1a63eb",
                "shasum": ""
            },
            "require": {
                "php": "^7.1.3",
                "symfony/polyfill-mbstring": "~1.1"
            },
            "require-dev": {
                "predis/predis": "~1.0",
                "symfony/expression-language": "~3.4|~4.0"
            },
            "type": "library",
            "extra": {
                "branch-alias": {
                    "dev-master": "4.1-dev"
                }
            },
            "autoload": {
                "psr-4": {
                    "Symfony\\Component\\HttpFoundation\\": ""
                },
                "exclude-from-classmap": [
                    "/Tests/"
                ]
            },
            "notification-url": "https://packagist.org/downloads/",
            "license": [
                "MIT"
            ],
            "authors": [
                {
                    "name": "Fabien Potencier",
                    "email": "fabien@symfony.com"
                },
                {
                    "name": "Symfony Community",
                    "homepage": "https://symfony.com/contributors"
                }
            ],
            "description": "Symfony HttpFoundation Component",
            "homepage": "https://symfony.com",
            "time": "2018-02-22T11:40:25+00:00"
        },
        {
            "name": "symfony/polyfill-mbstring",
            "version": "dev-master",
            "source": {
                "type": "git",
                "url": "https://github.com/symfony/polyfill-mbstring.git",
                "reference": "78be803ce01e55d3491c1397cf1c64beb9c1b63b"
            },
            "dist": {
                "type": "zip",
                "url": "https://api.github.com/repos/symfony/polyfill-mbstring/zipball/78be803ce01e55d3491c1397cf1c64beb9c1b63b",
                "reference": "78be803ce01e55d3491c1397cf1c64beb9c1b63b",
                "shasum": ""
            },
            "require": {
                "php": ">=5.3.3"
            },
            "suggest": {
                "ext-mbstring": "For best performance"
            },
            "type": "library",
            "extra": {
                "branch-alias": {
                    "dev-master": "1.7-dev"
                }
            },
            "autoload": {
                "psr-4": {
                    "Symfony\\Polyfill\\Mbstring\\": ""
                },
                "files": [
                    "bootstrap.php"
                ]
            },
            "notification-url": "https://packagist.org/downloads/",
            "license": [
                "MIT"
            ],
            "authors": [
                {
                    "name": "Nicolas Grekas",
                    "email": "p@tchwork.com"
                },
                {
                    "name": "Symfony Community",
                    "homepage": "https://symfony.com/contributors"
                }
            ],
            "description": "Symfony polyfill for the Mbstring extension",
            "homepage": "https://symfony.com",
            "keywords": [
                "compatibility",
                "mbstring",
                "polyfill",
                "portable",
                "shim"
            ],
            "time": "2018-01-30T19:27:44+00:00"
        },
        {
            "name": "symfony/psr-http-message-bridge",
            "version": "dev-master",
            "source": {
                "type": "git",
                "url": "https://github.com/symfony/psr-http-message-bridge.git",
                "reference": "c2b757934f2d9681a287e662efbc27c41fe8ef86"
            },
            "dist": {
                "type": "zip",
                "url": "https://api.github.com/repos/symfony/psr-http-message-bridge/zipball/c2b757934f2d9681a287e662efbc27c41fe8ef86",
                "reference": "c2b757934f2d9681a287e662efbc27c41fe8ef86",
                "shasum": ""
            },
            "require": {
                "php": ">=5.3.3",
                "psr/http-message": "~1.0",
                "symfony/http-foundation": "~2.3|~3.0|~4.0"
            },
            "require-dev": {
                "symfony/phpunit-bridge": "~3.2|4.0"
            },
            "suggest": {
                "psr/http-message-implementation": "To use the HttpFoundation factory",
                "zendframework/zend-diactoros": "To use the Zend Diactoros factory"
            },
            "type": "symfony-bridge",
            "extra": {
                "branch-alias": {
                    "dev-master": "1.0-dev"
                }
            },
            "autoload": {
                "psr-4": {
                    "Symfony\\Bridge\\PsrHttpMessage\\": ""
                }
            },
            "notification-url": "https://packagist.org/downloads/",
            "license": [
                "MIT"
            ],
            "authors": [
                {
                    "name": "Symfony Community",
                    "homepage": "http://symfony.com/contributors"
                },
                {
                    "name": "Fabien Potencier",
                    "email": "fabien@symfony.com"
                }
            ],
            "description": "PSR HTTP message bridge",
            "homepage": "http://symfony.com",
            "keywords": [
                "http",
                "http-message",
                "psr-7"
            ],
            "time": "2017-12-19T00:31:44+00:00"
        },
        {
            "name": "zendframework/zend-diactoros",
            "version": "dev-develop",
            "source": {
                "type": "git",
                "url": "https://github.com/zendframework/zend-diactoros.git",
                "reference": "311ea634760f6cbdf2034a426fe7333978cd6fb0"
            },
            "dist": {
                "type": "zip",
                "url": "https://api.github.com/repos/zendframework/zend-diactoros/zipball/311ea634760f6cbdf2034a426fe7333978cd6fb0",
                "reference": "311ea634760f6cbdf2034a426fe7333978cd6fb0",
                "shasum": ""
            },
            "require": {
                "php": "^5.6 || ^7.0",
                "psr/http-message": "^1.0"
            },
            "provide": {
                "psr/http-message-implementation": "1.0"
            },
            "require-dev": {
                "ext-dom": "*",
                "ext-libxml": "*",
                "phpunit/phpunit": "^5.7.16 || ^6.0.8",
                "zendframework/zend-coding-standard": "~1.0"
            },
            "type": "library",
            "extra": {
                "branch-alias": {
                    "dev-master": "1.7.x-dev",
                    "dev-develop": "1.8.x-dev"
                }
            },
            "autoload": {
                "psr-4": {
                    "Zend\\Diactoros\\": "src/"
                }
            },
            "notification-url": "https://packagist.org/downloads/",
            "license": [
                "BSD-2-Clause"
            ],
            "description": "PSR HTTP Message implementations",
            "homepage": "https://github.com/zendframework/zend-diactoros",
            "keywords": [
                "http",
                "psr",
                "psr-7"
            ],
            "time": "2018-01-17T14:21:56+00:00"
        }
    ],
    "packages-dev": [],
    "aliases": [],
    "minimum-stability": "dev",
    "stability-flags": {
        "symfony/http-foundation": 20,
        "symfony/psr-http-message-bridge": 20,
        "zendframework/zend-diactoros": 20,
        "symfony/dependency-injection": 20
    },
    "prefer-stable": false,
    "prefer-lowest": false,
    "platform": [],
    "platform-dev": []
}
